
Microsoft Visual Studio Solution File, Format Version 12.00
Project("{FAE04EC0-301F-11D3-BF4B-00C04F79EFBC}") = "NetScenarioTesting.Core", "NetScenarioTesting.Core\NetScenarioTesting.Core.csproj", "{9F48AFC4-9487-44EF-9235-E794AA4FB3BD}"
EndProject
Global
	GlobalSection(SolutionConfigurationPlatforms) = preSolution
		Debug|Any CPU = Debug|Any CPU
		Release|Any CPU = Release|Any CPU
	EndGlobalSection
	GlobalSection(ProjectConfigurationPlatforms) = postSolution
		{9F48AFC4-9487-44EF-9235-E794AA4FB3BD}.Debug|Any CPU.ActiveCfg = Debug|Any CPU
		{9F48AFC4-9487-44EF-9235-E794AA4FB3BD}.Debug|Any CPU.Build.0 = Debug|Any CPU
		{9F48AFC4-9487-44EF-9235-E794AA4FB3BD}.Release|Any CPU.ActiveCfg = Release|Any CPU
		{9F48AFC4-9487-44EF-9235-E794AA4FB3BD}.Release|Any CPU.Build.0 = Release|Any CPU
	EndGlobalSection
EndGlobal
